// !$*UTF8*$!
{
	archiveVersion = 1;
	classes = {
	};
	objectVersion = 50;
	objects = {

/* Begin PBXBuildFile section */
		F39BC77724173B68004D3DB6 /* HomeView.swift in Sources */ = {isa = PBXBuildFile; fileRef = F39BC77624173B68004D3DB6 /* HomeView.swift */; };
		F39BC77924174F73004D3DB6 /* WeekdayEditView.swift in Sources */ = {isa = PBXBuildFile; fileRef = F39BC77824174F73004D3DB6 /* WeekdayEditView.swift */; };
		F3D61D5C243064CF006DE0CC /* Weekday+CoreDataClass.swift in Sources */ = {isa = PBXBuildFile; fileRef = F3D61D58243064CF006DE0CC /* Weekday+CoreDataClass.swift */; };
		F3D61D5D243064CF006DE0CC /* Weekday+CoreDataProperties.swift in Sources */ = {isa = PBXBuildFile; fileRef = F3D61D59243064CF006DE0CC /* Weekday+CoreDataProperties.swift */; };
		F3D61D5F2431A114006DE0CC /* Extensions.swift in Sources */ = {isa = PBXBuildFile; fileRef = F3D61D5E2431A114006DE0CC /* Extensions.swift */; };
		F3E2EBBB2406285B00D6E22B /* breakapp.xcdatamodeld in Sources */ = {isa = PBXBuildFile; fileRef = F3E2EBB92406285B00D6E22B /* breakapp.xcdatamodeld */; };
		F3FC7E3524398A1E000E4CD7 /* TimerView.swift in Sources */ = {isa = PBXBuildFile; fileRef = F3FC7E3424398A1E000E4CD7 /* TimerView.swift */; };
		F3FC7E37243C3675000E4CD7 /* TimeDetailsView.swift in Sources */ = {isa = PBXBuildFile; fileRef = F3FC7E36243C3675000E4CD7 /* TimeDetailsView.swift */; };
		F3FD3C9D23FA1C12000E13E1 /* AppDelegate.swift in Sources */ = {isa = PBXBuildFile; fileRef = F3FD3C9C23FA1C12000E13E1 /* AppDelegate.swift */; };
		F3FD3C9F23FA1C12000E13E1 /* SceneDelegate.swift in Sources */ = {isa = PBXBuildFile; fileRef = F3FD3C9E23FA1C12000E13E1 /* SceneDelegate.swift */; };
		F3FD3CA123FA1C12000E13E1 /* ContentView.swift in Sources */ = {isa = PBXBuildFile; fileRef = F3FD3CA023FA1C12000E13E1 /* ContentView.swift */; };
		F3FD3CA323FA1C13000E13E1 /* Assets.xcassets in Resources */ = {isa = PBXBuildFile; fileRef = F3FD3CA223FA1C13000E13E1 /* Assets.xcassets */; };
		F3FD3CA623FA1C13000E13E1 /* Preview Assets.xcassets in Resources */ = {isa = PBXBuildFile; fileRef = F3FD3CA523FA1C13000E13E1 /* Preview Assets.xcassets */; };
		F3FD3CA923FA1C13000E13E1 /* LaunchScreen.storyboard in Resources */ = {isa = PBXBuildFile; fileRef = F3FD3CA723FA1C13000E13E1 /* LaunchScreen.storyboard */; };
		F3FD3CB423FA1C14000E13E1 /* breakappTests.swift in Sources */ = {isa = PBXBuildFile; fileRef = F3FD3CB323FA1C14000E13E1 /* breakappTests.swift */; };
		F3FD3CBF23FA1C14000E13E1 /* breakappUITests.swift in Sources */ = {isa = PBXBuildFile; fileRef = F3FD3CBE23FA1C14000E13E1 /* breakappUITests.swift */; };
		F3FD3CC423FA1C14000E13E1 /* breakapp WatchKit App.app in Embed Watch Content */ = {isa = PBXBuildFile; fileRef = F3FD3CC323FA1C14000E13E1 /* breakapp WatchKit App.app */; settings = {ATTRIBUTES = (RemoveHeadersOnCopy, ); }; };
		F3FD3CCA23FA1C14000E13E1 /* Interface.storyboard in Resources */ = {isa = PBXBuildFile; fileRef = F3FD3CC823FA1C14000E13E1 /* Interface.storyboard */; };
		F3FD3CCC23FA1C14000E13E1 /* Assets.xcassets in Resources */ = {isa = PBXBuildFile; fileRef = F3FD3CCB23FA1C14000E13E1 /* Assets.xcassets */; };
		F3FD3CD323FA1C14000E13E1 /* breakapp WatchKit Extension.appex in Embed App Extensions */ = {isa = PBXBuildFile; fileRef = F3FD3CD223FA1C14000E13E1 /* breakapp WatchKit Extension.appex */; settings = {ATTRIBUTES = (RemoveHeadersOnCopy, ); }; };
		F3FD3CD823FA1C14000E13E1 /* ContentView.swift in Sources */ = {isa = PBXBuildFile; fileRef = F3FD3CD723FA1C14000E13E1 /* ContentView.swift */; };
		F3FD3CDA23FA1C14000E13E1 /* HostingController.swift in Sources */ = {isa = PBXBuildFile; fileRef = F3FD3CD923FA1C14000E13E1 /* HostingController.swift */; };
		F3FD3CDC23FA1C14000E13E1 /* ExtensionDelegate.swift in Sources */ = {isa = PBXBuildFile; fileRef = F3FD3CDB23FA1C14000E13E1 /* ExtensionDelegate.swift */; };
		F3FD3CDE23FA1C14000E13E1 /* NotificationController.swift in Sources */ = {isa = PBXBuildFile; fileRef = F3FD3CDD23FA1C14000E13E1 /* NotificationController.swift */; };
		F3FD3CE023FA1C14000E13E1 /* NotificationView.swift in Sources */ = {isa = PBXBuildFile; fileRef = F3FD3CDF23FA1C14000E13E1 /* NotificationView.swift */; };
		F3FD3CE223FA1C14000E13E1 /* ComplicationController.swift in Sources */ = {isa = PBXBuildFile; fileRef = F3FD3CE123FA1C14000E13E1 /* ComplicationController.swift */; };
		F3FD3CE423FA1C15000E13E1 /* Assets.xcassets in Resources */ = {isa = PBXBuildFile; fileRef = F3FD3CE323FA1C15000E13E1 /* Assets.xcassets */; };
		F3FD3CE723FA1C15000E13E1 /* Preview Assets.xcassets in Resources */ = {isa = PBXBuildFile; fileRef = F3FD3CE623FA1C15000E13E1 /* Preview Assets.xcassets */; };
		F3FD3CFF23FA1F26000E13E1 /* SettingsView.swift in Sources */ = {isa = PBXBuildFile; fileRef = F3FD3CFE23FA1F26000E13E1 /* SettingsView.swift */; };
		F3FD3D0623FCF280000E13E1 /* SettingsWeekdayRow.swift in Sources */ = {isa = PBXBuildFile; fileRef = F3FD3D0523FCF280000E13E1 /* SettingsWeekdayRow.swift */; };
/* End PBXBuildFile section */

/* Begin PBXContainerItemProxy section */
		F3FD3CB023FA1C14000E13E1 /* PBXContainerItemProxy */ = {
			isa = PBXContainerItemProxy;
			containerPortal = F3FD3C9123FA1C12000E13E1 /* Project object */;
			proxyType = 1;
			remoteGlobalIDString = F3FD3C9823FA1C12000E13E1;
			remoteInfo = breakapp;
		};
		F3FD3CBB23FA1C14000E13E1 /* PBXContainerItemProxy */ = {
			isa = PBXContainerItemProxy;
			containerPortal = F3FD3C9123FA1C12000E13E1 /* Project object */;
			proxyType = 1;
			remoteGlobalIDString = F3FD3C9823FA1C12000E13E1;
			remoteInfo = breakapp;
		};
		F3FD3CC523FA1C14000E13E1 /* PBXContainerItemProxy */ = {
			isa = PBXContainerItemProxy;
			containerPortal = F3FD3C9123FA1C12000E13E1 /* Project object */;
			proxyType = 1;
			remoteGlobalIDString = F3FD3CC223FA1C14000E13E1;
			remoteInfo = "breakapp WatchKit App";
		};
		F3FD3CD423FA1C14000E13E1 /* PBXContainerItemProxy */ = {
			isa = PBXContainerItemProxy;
			containerPortal = F3FD3C9123FA1C12000E13E1 /* Project object */;
			proxyType = 1;
			remoteGlobalIDString = F3FD3CD123FA1C14000E13E1;
			remoteInfo = "breakapp WatchKit Extension";
		};
/* End PBXContainerItemProxy section */

/* Begin PBXCopyFilesBuildPhase section */
		F3FD3CEF23FA1C15000E13E1 /* Embed App Extensions */ = {
			isa = PBXCopyFilesBuildPhase;
			buildActionMask = 2147483647;
			dstPath = "";
			dstSubfolderSpec = 13;
			files = (
				F3FD3CD323FA1C14000E13E1 /* breakapp WatchKit Extension.appex in Embed App Extensions */,
			);
			name = "Embed App Extensions";
			runOnlyForDeploymentPostprocessing = 0;
		};
		F3FD3CF323FA1C15000E13E1 /* Embed Watch Content */ = {
			isa = PBXCopyFilesBuildPhase;
			buildActionMask = 2147483647;
			dstPath = "$(CONTENTS_FOLDER_PATH)/Watch";
			dstSubfolderSpec = 16;
			files = (
				F3FD3CC423FA1C14000E13E1 /* breakapp WatchKit App.app in Embed Watch Content */,
			);
			name = "Embed Watch Content";
			runOnlyForDeploymentPostprocessing = 0;
		};
/* End PBXCopyFilesBuildPhase section */

/* Begin PBXFileReference section */
		F39BC77624173B68004D3DB6 /* HomeView.swift */ = {isa = PBXFileReference; lastKnownFileType = sourcecode.swift; path = HomeView.swift; sourceTree = "<group>"; };
		F39BC77824174F73004D3DB6 /* WeekdayEditView.swift */ = {isa = PBXFileReference; lastKnownFileType = sourcecode.swift; path = WeekdayEditView.swift; sourceTree = "<group>"; };
		F3D61D58243064CF006DE0CC /* Weekday+CoreDataClass.swift */ = {isa = PBXFileReference; lastKnownFileType = sourcecode.swift; path = "Weekday+CoreDataClass.swift"; sourceTree = SOURCE_ROOT; };
		F3D61D59243064CF006DE0CC /* Weekday+CoreDataProperties.swift */ = {isa = PBXFileReference; lastKnownFileType = sourcecode.swift; path = "Weekday+CoreDataProperties.swift"; sourceTree = SOURCE_ROOT; };
		F3D61D5E2431A114006DE0CC /* Extensions.swift */ = {isa = PBXFileReference; lastKnownFileType = sourcecode.swift; path = Extensions.swift; sourceTree = "<group>"; };
		F3E2EBBA2406285B00D6E22B /* breakapp.xcdatamodel */ = {isa = PBXFileReference; lastKnownFileType = wrapper.xcdatamodel; path = breakapp.xcdatamodel; sourceTree = "<group>"; };
		F3FC7E3424398A1E000E4CD7 /* TimerView.swift */ = {isa = PBXFileReference; lastKnownFileType = sourcecode.swift; path = TimerView.swift; sourceTree = "<group>"; };
		F3FC7E36243C3675000E4CD7 /* TimeDetailsView.swift */ = {isa = PBXFileReference; lastKnownFileType = sourcecode.swift; path = TimeDetailsView.swift; sourceTree = "<group>"; };
		F3FD3C9923FA1C12000E13E1 /* breakapp.app */ = {isa = PBXFileReference; explicitFileType = wrapper.application; includeInIndex = 0; path = breakapp.app; sourceTree = BUILT_PRODUCTS_DIR; };
		F3FD3C9C23FA1C12000E13E1 /* AppDelegate.swift */ = {isa = PBXFileReference; lastKnownFileType = sourcecode.swift; path = AppDelegate.swift; sourceTree = "<group>"; };
		F3FD3C9E23FA1C12000E13E1 /* SceneDelegate.swift */ = {isa = PBXFileReference; lastKnownFileType = sourcecode.swift; path = SceneDelegate.swift; sourceTree = "<group>"; };
		F3FD3CA023FA1C12000E13E1 /* ContentView.swift */ = {isa = PBXFileReference; lastKnownFileType = sourcecode.swift; path = ContentView.swift; sourceTree = "<group>"; };
		F3FD3CA223FA1C13000E13E1 /* Assets.xcassets */ = {isa = PBXFileReference; lastKnownFileType = folder.assetcatalog; path = Assets.xcassets; sourceTree = "<group>"; };
		F3FD3CA523FA1C13000E13E1 /* Preview Assets.xcassets */ = {isa = PBXFileReference; lastKnownFileType = folder.assetcatalog; path = "Preview Assets.xcassets"; sourceTree = "<group>"; };
		F3FD3CA823FA1C13000E13E1 /* Base */ = {isa = PBXFileReference; lastKnownFileType = file.storyboard; name = Base; path = Base.lproj/LaunchScreen.storyboard; sourceTree = "<group>"; };
		F3FD3CAA23FA1C13000E13E1 /* Info.plist */ = {isa = PBXFileReference; lastKnownFileType = text.plist.xml; path = Info.plist; sourceTree = "<group>"; };
		F3FD3CAF23FA1C14000E13E1 /* breakappTests.xctest */ = {isa = PBXFileReference; explicitFileType = wrapper.cfbundle; includeInIndex = 0; path = breakappTests.xctest; sourceTree = BUILT_PRODUCTS_DIR; };
		F3FD3CB323FA1C14000E13E1 /* breakappTests.swift */ = {isa = PBXFileReference; lastKnownFileType = sourcecode.swift; path = breakappTests.swift; sourceTree = "<group>"; };
		F3FD3CB523FA1C14000E13E1 /* Info.plist */ = {isa = PBXFileReference; lastKnownFileType = text.plist.xml; path = Info.plist; sourceTree = "<group>"; };
		F3FD3CBA23FA1C14000E13E1 /* breakappUITests.xctest */ = {isa = PBXFileReference; explicitFileType = wrapper.cfbundle; includeInIndex = 0; path = breakappUITests.xctest; sourceTree = BUILT_PRODUCTS_DIR; };
		F3FD3CBE23FA1C14000E13E1 /* breakappUITests.swift */ = {isa = PBXFileReference; lastKnownFileType = sourcecode.swift; path = breakappUITests.swift; sourceTree = "<group>"; };
		F3FD3CC023FA1C14000E13E1 /* Info.plist */ = {isa = PBXFileReference; lastKnownFileType = text.plist.xml; path = Info.plist; sourceTree = "<group>"; };
		F3FD3CC323FA1C14000E13E1 /* breakapp WatchKit App.app */ = {isa = PBXFileReference; explicitFileType = wrapper.application; includeInIndex = 0; path = "breakapp WatchKit App.app"; sourceTree = BUILT_PRODUCTS_DIR; };
		F3FD3CC923FA1C14000E13E1 /* Base */ = {isa = PBXFileReference; lastKnownFileType = file.storyboard; name = Base; path = Base.lproj/Interface.storyboard; sourceTree = "<group>"; };
		F3FD3CCB23FA1C14000E13E1 /* Assets.xcassets */ = {isa = PBXFileReference; lastKnownFileType = folder.assetcatalog; path = Assets.xcassets; sourceTree = "<group>"; };
		F3FD3CCD23FA1C14000E13E1 /* Info.plist */ = {isa = PBXFileReference; lastKnownFileType = text.plist.xml; path = Info.plist; sourceTree = "<group>"; };
		F3FD3CD223FA1C14000E13E1 /* breakapp WatchKit Extension.appex */ = {isa = PBXFileReference; explicitFileType = "wrapper.app-extension"; includeInIndex = 0; path = "breakapp WatchKit Extension.appex"; sourceTree = BUILT_PRODUCTS_DIR; };
		F3FD3CD723FA1C14000E13E1 /* ContentView.swift */ = {isa = PBXFileReference; lastKnownFileType = sourcecode.swift; path = ContentView.swift; sourceTree = "<group>"; };
		F3FD3CD923FA1C14000E13E1 /* HostingController.swift */ = {isa = PBXFileReference; lastKnownFileType = sourcecode.swift; path = HostingController.swift; sourceTree = "<group>"; };
		F3FD3CDB23FA1C14000E13E1 /* ExtensionDelegate.swift */ = {isa = PBXFileReference; lastKnownFileType = sourcecode.swift; path = ExtensionDelegate.swift; sourceTree = "<group>"; };
		F3FD3CDD23FA1C14000E13E1 /* NotificationController.swift */ = {isa = PBXFileReference; lastKnownFileType = sourcecode.swift; path = NotificationController.swift; sourceTree = "<group>"; };
		F3FD3CDF23FA1C14000E13E1 /* NotificationView.swift */ = {isa = PBXFileReference; lastKnownFileType = sourcecode.swift; path = NotificationView.swift; sourceTree = "<group>"; };
		F3FD3CE123FA1C14000E13E1 /* ComplicationController.swift */ = {isa = PBXFileReference; lastKnownFileType = sourcecode.swift; path = ComplicationController.swift; sourceTree = "<group>"; };
		F3FD3CE323FA1C15000E13E1 /* Assets.xcassets */ = {isa = PBXFileReference; lastKnownFileType = folder.assetcatalog; path = Assets.xcassets; sourceTree = "<group>"; };
		F3FD3CE623FA1C15000E13E1 /* Preview Assets.xcassets */ = {isa = PBXFileReference; lastKnownFileType = folder.assetcatalog; path = "Preview Assets.xcassets"; sourceTree = "<group>"; };
		F3FD3CE823FA1C15000E13E1 /* Info.plist */ = {isa = PBXFileReference; lastKnownFileType = text.plist.xml; path = Info.plist; sourceTree = "<group>"; };
		F3FD3CE923FA1C15000E13E1 /* PushNotificationPayload.apns */ = {isa = PBXFileReference; lastKnownFileType = text; path = PushNotificationPayload.apns; sourceTree = "<group>"; };
		F3FD3CFE23FA1F26000E13E1 /* SettingsView.swift */ = {isa = PBXFileReference; lastKnownFileType = sourcecode.swift; path = SettingsView.swift; sourceTree = "<group>"; };
		F3FD3D0523FCF280000E13E1 /* SettingsWeekdayRow.swift */ = {isa = PBXFileReference; lastKnownFileType = sourcecode.swift; path = SettingsWeekdayRow.swift; sourceTree = "<group>"; };
/* End PBXFileReference section */

/* Begin PBXFrameworksBuildPhase section */
		F3FD3C9623FA1C12000E13E1 /* Frameworks */ = {
			isa = PBXFrameworksBuildPhase;
			buildActionMask = 2147483647;
			files = (
			);
			runOnlyForDeploymentPostprocessing = 0;
		};
		F3FD3CAC23FA1C14000E13E1 /* Frameworks */ = {
			isa = PBXFrameworksBuildPhase;
			buildActionMask = 2147483647;
			files = (
			);
			runOnlyForDeploymentPostprocessing = 0;
		};
		F3FD3CB723FA1C14000E13E1 /* Frameworks */ = {
			isa = PBXFrameworksBuildPhase;
			buildActionMask = 2147483647;
			files = (
			);
			runOnlyForDeploymentPostprocessing = 0;
		};
		F3FD3CCF23FA1C14000E13E1 /* Frameworks */ = {
			isa = PBXFrameworksBuildPhase;
			buildActionMask = 2147483647;
			files = (
			);
			runOnlyForDeploymentPostprocessing = 0;
		};
/* End PBXFrameworksBuildPhase section */

/* Begin PBXGroup section */
		F3FD3C9023FA1C12000E13E1 = {
			isa = PBXGroup;
			children = (
				F3FD3C9B23FA1C12000E13E1 /* breakapp */,
				F3FD3CB223FA1C14000E13E1 /* breakappTests */,
				F3FD3CBD23FA1C14000E13E1 /* breakappUITests */,
				F3FD3CC723FA1C14000E13E1 /* breakapp WatchKit App */,
				F3FD3CD623FA1C14000E13E1 /* breakapp WatchKit Extension */,
				F3FD3C9A23FA1C12000E13E1 /* Products */,
			);
			sourceTree = "<group>";
		};
		F3FD3C9A23FA1C12000E13E1 /* Products */ = {
			isa = PBXGroup;
			children = (
				F3FD3C9923FA1C12000E13E1 /* breakapp.app */,
				F3FD3CAF23FA1C14000E13E1 /* breakappTests.xctest */,
				F3FD3CBA23FA1C14000E13E1 /* breakappUITests.xctest */,
				F3FD3CC323FA1C14000E13E1 /* breakapp WatchKit App.app */,
				F3FD3CD223FA1C14000E13E1 /* breakapp WatchKit Extension.appex */,
			);
			name = Products;
			sourceTree = "<group>";
		};
		F3FD3C9B23FA1C12000E13E1 /* breakapp */ = {
			isa = PBXGroup;
			children = (
				F3FD3D0023FA202F000E13E1 /* Models */,
				F3FD3CFD23FA1E9D000E13E1 /* Views */,
				F3FD3C9C23FA1C12000E13E1 /* AppDelegate.swift */,
				F3D61D5E2431A114006DE0CC /* Extensions.swift */,
				F3FD3C9E23FA1C12000E13E1 /* SceneDelegate.swift */,
				F3FD3CA223FA1C13000E13E1 /* Assets.xcassets */,
				F3FD3CA723FA1C13000E13E1 /* LaunchScreen.storyboard */,
				F3FD3CAA23FA1C13000E13E1 /* Info.plist */,
				F3FD3CA423FA1C13000E13E1 /* Preview Content */,
				F3E2EBB92406285B00D6E22B /* breakapp.xcdatamodeld */,
			);
			path = breakapp;
			sourceTree = "<group>";
		};
		F3FD3CA423FA1C13000E13E1 /* Preview Content */ = {
			isa = PBXGroup;
			children = (
				F3FD3CA523FA1C13000E13E1 /* Preview Assets.xcassets */,
			);
			path = "Preview Content";
			sourceTree = "<group>";
		};
		F3FD3CB223FA1C14000E13E1 /* breakappTests */ = {
			isa = PBXGroup;
			children = (
				F3FD3CB323FA1C14000E13E1 /* breakappTests.swift */,
				F3FD3CB523FA1C14000E13E1 /* Info.plist */,
			);
			path = breakappTests;
			sourceTree = "<group>";
		};
		F3FD3CBD23FA1C14000E13E1 /* breakappUITests */ = {
			isa = PBXGroup;
			children = (
				F3FD3CBE23FA1C14000E13E1 /* breakappUITests.swift */,
				F3FD3CC023FA1C14000E13E1 /* Info.plist */,
			);
			path = breakappUITests;
			sourceTree = "<group>";
		};
		F3FD3CC723FA1C14000E13E1 /* breakapp WatchKit App */ = {
			isa = PBXGroup;
			children = (
				F3FD3CC823FA1C14000E13E1 /* Interface.storyboard */,
				F3FD3CCB23FA1C14000E13E1 /* Assets.xcassets */,
				F3FD3CCD23FA1C14000E13E1 /* Info.plist */,
			);
			path = "breakapp WatchKit App";
			sourceTree = "<group>";
		};
		F3FD3CD623FA1C14000E13E1 /* breakapp WatchKit Extension */ = {
			isa = PBXGroup;
			children = (
				F3FD3CD723FA1C14000E13E1 /* ContentView.swift */,
				F3FD3CD923FA1C14000E13E1 /* HostingController.swift */,
				F3FD3CDB23FA1C14000E13E1 /* ExtensionDelegate.swift */,
				F3FD3CDD23FA1C14000E13E1 /* NotificationController.swift */,
				F3FD3CDF23FA1C14000E13E1 /* NotificationView.swift */,
				F3FD3CE123FA1C14000E13E1 /* ComplicationController.swift */,
				F3FD3CE323FA1C15000E13E1 /* Assets.xcassets */,
				F3FD3CE823FA1C15000E13E1 /* Info.plist */,
				F3FD3CE923FA1C15000E13E1 /* PushNotificationPayload.apns */,
				F3FD3CE523FA1C15000E13E1 /* Preview Content */,
			);
			path = "breakapp WatchKit Extension";
			sourceTree = "<group>";
		};
		F3FD3CE523FA1C15000E13E1 /* Preview Content */ = {
			isa = PBXGroup;
			children = (
				F3FD3CE623FA1C15000E13E1 /* Preview Assets.xcassets */,
			);
			path = "Preview Content";
			sourceTree = "<group>";
		};
		F3FD3CFD23FA1E9D000E13E1 /* Views */ = {
			isa = PBXGroup;
			children = (
				F3FD3CFE23FA1F26000E13E1 /* SettingsView.swift */,
				F3FD3CA023FA1C12000E13E1 /* ContentView.swift */,
				F3FD3D0523FCF280000E13E1 /* SettingsWeekdayRow.swift */,
				F39BC77624173B68004D3DB6 /* HomeView.swift */,
				F39BC77824174F73004D3DB6 /* WeekdayEditView.swift */,
				F3FC7E3424398A1E000E4CD7 /* TimerView.swift */,
				F3FC7E36243C3675000E4CD7 /* TimeDetailsView.swift */,
			);
			path = Views;
			sourceTree = "<group>";
		};
		F3FD3D0023FA202F000E13E1 /* Models */ = {
			isa = PBXGroup;
			children = (
				F3D61D58243064CF006DE0CC /* Weekday+CoreDataClass.swift */,
				F3D61D59243064CF006DE0CC /* Weekday+CoreDataProperties.swift */,
			);
			path = Models;
			sourceTree = "<group>";
		};
/* End PBXGroup section */

/* Begin PBXNativeTarget section */
		F3FD3C9823FA1C12000E13E1 /* breakapp */ = {
			isa = PBXNativeTarget;
			buildConfigurationList = F3FD3CF423FA1C15000E13E1 /* Build configuration list for PBXNativeTarget "breakapp" */;
			buildPhases = (
				F3FD3C9523FA1C12000E13E1 /* Sources */,
				F3FD3C9623FA1C12000E13E1 /* Frameworks */,
				F3FD3C9723FA1C12000E13E1 /* Resources */,
				F3FD3CF323FA1C15000E13E1 /* Embed Watch Content */,
			);
			buildRules = (
			);
			dependencies = (
				F3FD3CC623FA1C14000E13E1 /* PBXTargetDependency */,
			);
			name = breakapp;
			packageProductDependencies = (
			);
			productName = breakapp;
			productReference = F3FD3C9923FA1C12000E13E1 /* breakapp.app */;
			productType = "com.apple.product-type.application";
		};
		F3FD3CAE23FA1C14000E13E1 /* breakappTests */ = {
			isa = PBXNativeTarget;
			buildConfigurationList = F3FD3CF723FA1C15000E13E1 /* Build configuration list for PBXNativeTarget "breakappTests" */;
			buildPhases = (
				F3FD3CAB23FA1C14000E13E1 /* Sources */,
				F3FD3CAC23FA1C14000E13E1 /* Frameworks */,
				F3FD3CAD23FA1C14000E13E1 /* Resources */,
			);
			buildRules = (
			);
			dependencies = (
				F3FD3CB123FA1C14000E13E1 /* PBXTargetDependency */,
			);
			name = breakappTests;
			productName = breakappTests;
			productReference = F3FD3CAF23FA1C14000E13E1 /* breakappTests.xctest */;
			productType = "com.apple.product-type.bundle.unit-test";
		};
		F3FD3CB923FA1C14000E13E1 /* breakappUITests */ = {
			isa = PBXNativeTarget;
			buildConfigurationList = F3FD3CFA23FA1C15000E13E1 /* Build configuration list for PBXNativeTarget "breakappUITests" */;
			buildPhases = (
				F3FD3CB623FA1C14000E13E1 /* Sources */,
				F3FD3CB723FA1C14000E13E1 /* Frameworks */,
				F3FD3CB823FA1C14000E13E1 /* Resources */,
			);
			buildRules = (
			);
			dependencies = (
				F3FD3CBC23FA1C14000E13E1 /* PBXTargetDependency */,
			);
			name = breakappUITests;
			productName = breakappUITests;
			productReference = F3FD3CBA23FA1C14000E13E1 /* breakappUITests.xctest */;
			productType = "com.apple.product-type.bundle.ui-testing";
		};
		F3FD3CC223FA1C14000E13E1 /* breakapp WatchKit App */ = {
			isa = PBXNativeTarget;
			buildConfigurationList = F3FD3CF023FA1C15000E13E1 /* Build configuration list for PBXNativeTarget "breakapp WatchKit App" */;
			buildPhases = (
				F3FD3CC123FA1C14000E13E1 /* Resources */,
				F3FD3CEF23FA1C15000E13E1 /* Embed App Extensions */,
			);
			buildRules = (
			);
			dependencies = (
				F3FD3CD523FA1C14000E13E1 /* PBXTargetDependency */,
			);
			name = "breakapp WatchKit App";
			productName = "breakapp WatchKit App";
			productReference = F3FD3CC323FA1C14000E13E1 /* breakapp WatchKit App.app */;
			productType = "com.apple.product-type.application.watchapp2";
		};
		F3FD3CD123FA1C14000E13E1 /* breakapp WatchKit Extension */ = {
			isa = PBXNativeTarget;
			buildConfigurationList = F3FD3CEC23FA1C15000E13E1 /* Build configuration list for PBXNativeTarget "breakapp WatchKit Extension" */;
			buildPhases = (
				F3FD3CCE23FA1C14000E13E1 /* Sources */,
				F3FD3CCF23FA1C14000E13E1 /* Frameworks */,
				F3FD3CD023FA1C14000E13E1 /* Resources */,
			);
			buildRules = (
			);
			dependencies = (
			);
			name = "breakapp WatchKit Extension";
			productName = "breakapp WatchKit Extension";
			productReference = F3FD3CD223FA1C14000E13E1 /* breakapp WatchKit Extension.appex */;
			productType = "com.apple.product-type.watchkit2-extension";
		};
/* End PBXNativeTarget section */

/* Begin PBXProject section */
		F3FD3C9123FA1C12000E13E1 /* Project object */ = {
			isa = PBXProject;
			attributes = {
				LastSwiftUpdateCheck = 1130;
				LastUpgradeCheck = 1130;
				ORGANIZATIONNAME = "alexander boswell";
				TargetAttributes = {
					F3FD3C9823FA1C12000E13E1 = {
						CreatedOnToolsVersion = 11.3.1;
					};
					F3FD3CAE23FA1C14000E13E1 = {
						CreatedOnToolsVersion = 11.3.1;
						TestTargetID = F3FD3C9823FA1C12000E13E1;
					};
					F3FD3CB923FA1C14000E13E1 = {
						CreatedOnToolsVersion = 11.3.1;
						TestTargetID = F3FD3C9823FA1C12000E13E1;
					};
					F3FD3CC223FA1C14000E13E1 = {
						CreatedOnToolsVersion = 11.3.1;
					};
					F3FD3CD123FA1C14000E13E1 = {
						CreatedOnToolsVersion = 11.3.1;
					};
				};
			};
			buildConfigurationList = F3FD3C9423FA1C12000E13E1 /* Build configuration list for PBXProject "breakapp" */;
			compatibilityVersion = "Xcode 9.3";
			developmentRegion = en;
			hasScannedForEncodings = 0;
			knownRegions = (
				en,
				Base,
			);
			mainGroup = F3FD3C9023FA1C12000E13E1;
			packageReferences = (
			);
			productRefGroup = F3FD3C9A23FA1C12000E13E1 /* Products */;
			projectDirPath = "";
			projectRoot = "";
			targets = (
				F3FD3C9823FA1C12000E13E1 /* breakapp */,
				F3FD3CAE23FA1C14000E13E1 /* breakappTests */,
				F3FD3CB923FA1C14000E13E1 /* breakappUITests */,
				F3FD3CC223FA1C14000E13E1 /* breakapp WatchKit App */,
				F3FD3CD123FA1C14000E13E1 /* breakapp WatchKit Extension */,
			);
		};
/* End PBXProject section */

/* Begin PBXResourcesBuildPhase section */
		F3FD3C9723FA1C12000E13E1 /* Resources */ = {
			isa = PBXResourcesBuildPhase;
			buildActionMask = 2147483647;
			files = (
				F3FD3CA923FA1C13000E13E1 /* LaunchScreen.storyboard in Resources */,
				F3FD3CA623FA1C13000E13E1 /* Preview Assets.xcassets in Resources */,
				F3FD3CA323FA1C13000E13E1 /* Assets.xcassets in Resources */,
			);
			runOnlyForDeploymentPostprocessing = 0;
		};
		F3FD3CAD23FA1C14000E13E1 /* Resources */ = {
			isa = PBXResourcesBuildPhase;
			buildActionMask = 2147483647;
			files = (
			);
			runOnlyForDeploymentPostprocessing = 0;
		};
		F3FD3CB823FA1C14000E13E1 /* Resources */ = {
			isa = PBXResourcesBuildPhase;
			buildActionMask = 2147483647;
			files = (
			);
			runOnlyForDeploymentPostprocessing = 0;
		};
		F3FD3CC123FA1C14000E13E1 /* Resources */ = {
			isa = PBXResourcesBuildPhase;
			buildActionMask = 2147483647;
			files = (
				F3FD3CCC23FA1C14000E13E1 /* Assets.xcassets in Resources */,
				F3FD3CCA23FA1C14000E13E1 /* Interface.storyboard in Resources */,
			);
			runOnlyForDeploymentPostprocessing = 0;
		};
		F3FD3CD023FA1C14000E13E1 /* Resources */ = {
			isa = PBXResourcesBuildPhase;
			buildActionMask = 2147483647;
			files = (
				F3FD3CE723FA1C15000E13E1 /* Preview Assets.xcassets in Resources */,
				F3FD3CE423FA1C15000E13E1 /* Assets.xcassets in Resources */,
			);
			runOnlyForDeploymentPostprocessing = 0;
		};
/* End PBXResourcesBuildPhase section */

/* Begin PBXSourcesBuildPhase section */
		F3FD3C9523FA1C12000E13E1 /* Sources */ = {
			isa = PBXSourcesBuildPhase;
			buildActionMask = 2147483647;
			files = (
				F3FD3C9D23FA1C12000E13E1 /* AppDelegate.swift in Sources */,
				F3FD3D0623FCF280000E13E1 /* SettingsWeekdayRow.swift in Sources */,
				F39BC77724173B68004D3DB6 /* HomeView.swift in Sources */,
				F3E2EBBB2406285B00D6E22B /* breakapp.xcdatamodeld in Sources */,
				F39BC77924174F73004D3DB6 /* WeekdayEditView.swift in Sources */,
				F3FD3CFF23FA1F26000E13E1 /* SettingsView.swift in Sources */,
				F3FC7E3524398A1E000E4CD7 /* TimerView.swift in Sources */,
				F3D61D5C243064CF006DE0CC /* Weekday+CoreDataClass.swift in Sources */,
				F3D61D5D243064CF006DE0CC /* Weekday+CoreDataProperties.swift in Sources */,
				F3FD3C9F23FA1C12000E13E1 /* SceneDelegate.swift in Sources */,
				F3FC7E37243C3675000E4CD7 /* TimeDetailsView.swift in Sources */,
				F3D61D5F2431A114006DE0CC /* Extensions.swift in Sources */,
				F3FD3CA123FA1C12000E13E1 /* ContentView.swift in Sources */,
			);
			runOnlyForDeploymentPostprocessing = 0;
		};
		F3FD3CAB23FA1C14000E13E1 /* Sources */ = {
			isa = PBXSourcesBuildPhase;
			buildActionMask = 2147483647;
			files = (
				F3FD3CB423FA1C14000E13E1 /* breakappTests.swift in Sources */,
			);
			runOnlyForDeploymentPostprocessing = 0;
		};
		F3FD3CB623FA1C14000E13E1 /* Sources */ = {
			isa = PBXSourcesBuildPhase;
			buildActionMask = 2147483647;
			files = (
				F3FD3CBF23FA1C14000E13E1 /* breakappUITests.swift in Sources */,
			);
			runOnlyForDeploymentPostprocessing = 0;
		};
		F3FD3CCE23FA1C14000E13E1 /* Sources */ = {
			isa = PBXSourcesBuildPhase;
			buildActionMask = 2147483647;
			files = (
				F3FD3CDA23FA1C14000E13E1 /* HostingController.swift in Sources */,
				F3FD3CD823FA1C14000E13E1 /* ContentView.swift in Sources */,
				F3FD3CDE23FA1C14000E13E1 /* NotificationController.swift in Sources */,
				F3FD3CDC23FA1C14000E13E1 /* ExtensionDelegate.swift in Sources */,
				F3FD3CE023FA1C14000E13E1 /* NotificationView.swift in Sources */,
				F3FD3CE223FA1C14000E13E1 /* ComplicationController.swift in Sources */,
			);
			runOnlyForDeploymentPostprocessing = 0;
		};
/* End PBXSourcesBuildPhase section */

/* Begin PBXTargetDependency section */
		F3FD3CB123FA1C14000E13E1 /* PBXTargetDependency */ = {
			isa = PBXTargetDependency;
			target = F3FD3C9823FA1C12000E13E1 /* breakapp */;
			targetProxy = F3FD3CB023FA1C14000E13E1 /* PBXContainerItemProxy */;
		};
		F3FD3CBC23FA1C14000E13E1 /* PBXTargetDependency */ = {
			isa = PBXTargetDependency;
			target = F3FD3C9823FA1C12000E13E1 /* breakapp */;
			targetProxy = F3FD3CBB23FA1C14000E13E1 /* PBXContainerItemProxy */;
		};
		F3FD3CC623FA1C14000E13E1 /* PBXTargetDependency */ = {
			isa = PBXTargetDependency;
			target = F3FD3CC223FA1C14000E13E1 /* breakapp WatchKit App */;
			targetProxy = F3FD3CC523FA1C14000E13E1 /* PBXContainerItemProxy */;
		};
		F3FD3CD523FA1C14000E13E1 /* PBXTargetDependency */ = {
			isa = PBXTargetDependency;
			target = F3FD3CD123FA1C14000E13E1 /* breakapp WatchKit Extension */;
			targetProxy = F3FD3CD423FA1C14000E13E1 /* PBXContainerItemProxy */;
		};
/* End PBXTargetDependency section */

/* Begin PBXVariantGroup section */
		F3FD3CA723FA1C13000E13E1 /* LaunchScreen.storyboard */ = {
			isa = PBXVariantGroup;
			children = (
				F3FD3CA823FA1C13000E13E1 /* Base */,
			);
			name = LaunchScreen.storyboard;
			sourceTree = "<group>";
		};
		F3FD3CC823FA1C14000E13E1 /* Interface.storyboard */ = {
			isa = PBXVariantGroup;
			children = (
				F3FD3CC923FA1C14000E13E1 /* Base */,
			);
			name = Interface.storyboard;
			sourceTree = "<group>";
		};
/* End PBXVariantGroup section */

/* Begin XCBuildConfiguration section */
		F3FD3CEA23FA1C15000E13E1 /* Debug */ = {
			isa = XCBuildConfiguration;
			buildSettings = {
				ALWAYS_SEARCH_USER_PATHS = NO;
				CLANG_ANALYZER_NONNULL = YES;
				CLANG_ANALYZER_NUMBER_OBJECT_CONVERSION = YES_AGGRESSIVE;
				CLANG_CXX_LANGUAGE_STANDARD = "gnu++14";
				CLANG_CXX_LIBRARY = "libc++";
				CLANG_ENABLE_MODULES = YES;
				CLANG_ENABLE_OBJC_ARC = YES;
				CLANG_ENABLE_OBJC_WEAK = YES;
				CLANG_WARN_BLOCK_CAPTURE_AUTORELEASING = YES;
				CLANG_WARN_BOOL_CONVERSION = YES;
				CLANG_WARN_COMMA = YES;
				CLANG_WARN_CONSTANT_CONVERSION = YES;
				CLANG_WARN_DEPRECATED_OBJC_IMPLEMENTATIONS = YES;
				CLANG_WARN_DIRECT_OBJC_ISA_USAGE = YES_ERROR;
				CLANG_WARN_DOCUMENTATION_COMMENTS = YES;
				CLANG_WARN_EMPTY_BODY = YES;
				CLANG_WARN_ENUM_CONVERSION = YES;
				CLANG_WARN_INFINITE_RECURSION = YES;
				CLANG_WARN_INT_CONVERSION = YES;
				CLANG_WARN_NON_LITERAL_NULL_CONVERSION = YES;
				CLANG_WARN_OBJC_IMPLICIT_RETAIN_SELF = YES;
				CLANG_WARN_OBJC_LITERAL_CONVERSION = YES;
				CLANG_WARN_OBJC_ROOT_CLASS = YES_ERROR;
				CLANG_WARN_RANGE_LOOP_ANALYSIS = YES;
				CLANG_WARN_STRICT_PROTOTYPES = YES;
				CLANG_WARN_SUSPICIOUS_MOVE = YES;
				CLANG_WARN_UNGUARDED_AVAILABILITY = YES_AGGRESSIVE;
				CLANG_WARN_UNREACHABLE_CODE = YES;
				CLANG_WARN__DUPLICATE_METHOD_MATCH = YES;
				COPY_PHASE_STRIP = NO;
				DEBUG_INFORMATION_FORMAT = dwarf;
				ENABLE_STRICT_OBJC_MSGSEND = YES;
				ENABLE_TESTABILITY = YES;
				GCC_C_LANGUAGE_STANDARD = gnu11;
				GCC_DYNAMIC_NO_PIC = NO;
				GCC_NO_COMMON_BLOCKS = YES;
				GCC_OPTIMIZATION_LEVEL = 0;
				GCC_PREPROCESSOR_DEFINITIONS = (
					"DEBUG=1",
					"$(inherited)",
				);
				GCC_WARN_64_TO_32_BIT_CONVERSION = YES;
				GCC_WARN_ABOUT_RETURN_TYPE = YES_ERROR;
				GCC_WARN_UNDECLARED_SELECTOR = YES;
				GCC_WARN_UNINITIALIZED_AUTOS = YES_AGGRESSIVE;
				GCC_WARN_UNUSED_FUNCTION = YES;
				GCC_WARN_UNUSED_VARIABLE = YES;
				IPHONEOS_DEPLOYMENT_TARGET = 13.2;
				MTL_ENABLE_DEBUG_INFO = INCLUDE_SOURCE;
				MTL_FAST_MATH = YES;
				ONLY_ACTIVE_ARCH = YES;
				SDKROOT = iphoneos;
				SWIFT_ACTIVE_COMPILATION_CONDITIONS = DEBUG;
				SWIFT_OPTIMIZATION_LEVEL = "-Onone";
			};
			name = Debug;
		};
		F3FD3CEB23FA1C15000E13E1 /* Release */ = {
			isa = XCBuildConfiguration;
			buildSettings = {
				ALWAYS_SEARCH_USER_PATHS = NO;
				CLANG_ANALYZER_NONNULL = YES;
				CLANG_ANALYZER_NUMBER_OBJECT_CONVERSION = YES_AGGRESSIVE;
				CLANG_CXX_LANGUAGE_STANDARD = "gnu++14";
				CLANG_CXX_LIBRARY = "libc++";
				CLANG_ENABLE_MODULES = YES;
				CLANG_ENABLE_OBJC_ARC = YES;
				CLANG_ENABLE_OBJC_WEAK = YES;
				CLANG_WARN_BLOCK_CAPTURE_AUTORELEASING = YES;
				CLANG_WARN_BOOL_CONVERSION = YES;
				CLANG_WARN_COMMA = YES;
				CLANG_WARN_CONSTANT_CONVERSION = YES;
				CLANG_WARN_DEPRECATED_OBJC_IMPLEMENTATIONS = YES;
				CLANG_WARN_DIRECT_OBJC_ISA_USAGE = YES_ERROR;
				CLANG_WARN_DOCUMENTATION_COMMENTS = YES;
				CLANG_WARN_EMPTY_BODY = YES;
				CLANG_WARN_ENUM_CONVERSION = YES;
				CLANG_WARN_INFINITE_RECURSION = YES;
				CLANG_WARN_INT_CONVERSION = YES;
				CLANG_WARN_NON_LITERAL_NULL_CONVERSION = YES;
				CLANG_WARN_OBJC_IMPLICIT_RETAIN_SELF = YES;
				CLANG_WARN_OBJC_LITERAL_CONVERSION = YES;
				CLANG_WARN_OBJC_ROOT_CLASS = YES_ERROR;
				CLANG_WARN_RANGE_LOOP_ANALYSIS = YES;
				CLANG_WARN_STRICT_PROTOTYPES = YES;
				CLANG_WARN_SUSPICIOUS_MOVE = YES;
				CLANG_WARN_UNGUARDED_AVAILABILITY = YES_AGGRESSIVE;
				CLANG_WARN_UNREACHABLE_CODE = YES;
				CLANG_WARN__DUPLICATE_METHOD_MATCH = YES;
				COPY_PHASE_STRIP = NO;
				DEBUG_INFORMATION_FORMAT = "dwarf-with-dsym";
				ENABLE_NS_ASSERTIONS = NO;
				ENABLE_STRICT_OBJC_MSGSEND = YES;
				GCC_C_LANGUAGE_STANDARD = gnu11;
				GCC_NO_COMMON_BLOCKS = YES;
				GCC_WARN_64_TO_32_BIT_CONVERSION = YES;
				GCC_WARN_ABOUT_RETURN_TYPE = YES_ERROR;
				GCC_WARN_UNDECLARED_SELECTOR = YES;
				GCC_WARN_UNINITIALIZED_AUTOS = YES_AGGRESSIVE;
				GCC_WARN_UNUSED_FUNCTION = YES;
				GCC_WARN_UNUSED_VARIABLE = YES;
				IPHONEOS_DEPLOYMENT_TARGET = 13.2;
				MTL_ENABLE_DEBUG_INFO = NO;
				MTL_FAST_MATH = YES;
				SDKROOT = iphoneos;
				SWIFT_COMPILATION_MODE = wholemodule;
				SWIFT_OPTIMIZATION_LEVEL = "-O";
				VALIDATE_PRODUCT = YES;
			};
			name = Release;
		};
		F3FD3CED23FA1C15000E13E1 /* Debug */ = {
			isa = XCBuildConfiguration;
			buildSettings = {
				ASSETCATALOG_COMPILER_COMPLICATION_NAME = Complication;
				CODE_SIGN_STYLE = Automatic;
				DEVELOPMENT_ASSET_PATHS = "\"breakapp WatchKit Extension/Preview Content\"";
				DEVELOPMENT_TEAM = A6N8P4N2HZ;
				ENABLE_PREVIEWS = YES;
				INFOPLIST_FILE = "breakapp WatchKit Extension/Info.plist";
				LD_RUNPATH_SEARCH_PATHS = (
					"$(inherited)",
					"@executable_path/Frameworks",
					"@executable_path/../../Frameworks",
				);
				PRODUCT_BUNDLE_IDENTIFIER = com.bozzy.breakapp.watchkitapp.watchkitextension;
				PRODUCT_NAME = "${TARGET_NAME}";
				SDKROOT = watchos;
				SKIP_INSTALL = YES;
				SWIFT_VERSION = 5.0;
				TARGETED_DEVICE_FAMILY = 4;
				WATCHOS_DEPLOYMENT_TARGET = 6.1;
			};
			name = Debug;
		};
		F3FD3CEE23FA1C15000E13E1 /* Release */ = {
			isa = XCBuildConfiguration;
			buildSettings = {
				ASSETCATALOG_COMPILER_COMPLICATION_NAME = Complication;
				CODE_SIGN_STYLE = Automatic;
				DEVELOPMENT_ASSET_PATHS = "\"breakapp WatchKit Extension/Preview Content\"";
				DEVELOPMENT_TEAM = A6N8P4N2HZ;
				ENABLE_PREVIEWS = YES;
				INFOPLIST_FILE = "breakapp WatchKit Extension/Info.plist";
				LD_RUNPATH_SEARCH_PATHS = (
					"$(inherited)",
					"@executable_path/Frameworks",
					"@executable_path/../../Frameworks",
				);
				PRODUCT_BUNDLE_IDENTIFIER = com.bozzy.breakapp.watchkitapp.watchkitextension;
				PRODUCT_NAME = "${TARGET_NAME}";
				SDKROOT = watchos;
				SKIP_INSTALL = YES;
				SWIFT_VERSION = 5.0;
				TARGETED_DEVICE_FAMILY = 4;
				WATCHOS_DEPLOYMENT_TARGET = 6.1;
			};
			name = Release;
		};
		F3FD3CF123FA1C15000E13E1 /* Debug */ = {
			isa = XCBuildConfiguration;
			buildSettings = {
				ALWAYS_EMBED_SWIFT_STANDARD_LIBRARIES = YES;
				ASSETCATALOG_COMPILER_APPICON_NAME = AppIcon;
				CODE_SIGN_STYLE = Automatic;
				DEVELOPMENT_TEAM = A6N8P4N2HZ;
				IBSC_MODULE = breakapp_WatchKit_Extension;
				INFOPLIST_FILE = "breakapp WatchKit App/Info.plist";
				PRODUCT_BUNDLE_IDENTIFIER = com.bozzy.breakapp.watchkitapp;
				PRODUCT_NAME = "$(TARGET_NAME)";
				SDKROOT = watchos;
				SKIP_INSTALL = YES;
				SWIFT_VERSION = 5.0;
				TARGETED_DEVICE_FAMILY = 4;
				WATCHOS_DEPLOYMENT_TARGET = 6.1;
			};
			name = Debug;
		};
		F3FD3CF223FA1C15000E13E1 /* Release */ = {
			isa = XCBuildConfiguration;
			buildSettings = {
				ALWAYS_EMBED_SWIFT_STANDARD_LIBRARIES = YES;
				ASSETCATALOG_COMPILER_APPICON_NAME = AppIcon;
				CODE_SIGN_STYLE = Automatic;
				DEVELOPMENT_TEAM = A6N8P4N2HZ;
				IBSC_MODULE = breakapp_WatchKit_Extension;
				INFOPLIST_FILE = "breakapp WatchKit App/Info.plist";
				PRODUCT_BUNDLE_IDENTIFIER = com.bozzy.breakapp.watchkitapp;
				PRODUCT_NAME = "$(TARGET_NAME)";
				SDKROOT = watchos;
				SKIP_INSTALL = YES;
				SWIFT_VERSION = 5.0;
				TARGETED_DEVICE_FAMILY = 4;
				WATCHOS_DEPLOYMENT_TARGET = 6.1;
			};
			name = Release;
		};
		F3FD3CF523FA1C15000E13E1 /* Debug */ = {
			isa = XCBuildConfiguration;
			buildSettings = {
				ASSETCATALOG_COMPILER_APPICON_NAME = AppIcon;
				CODE_SIGN_STYLE = Automatic;
				DEVELOPMENT_ASSET_PATHS = "\"breakapp/Preview Content\"";
				DEVELOPMENT_TEAM = A6N8P4N2HZ;
				ENABLE_PREVIEWS = YES;
				INFOPLIST_FILE = breakapp/Info.plist;
				LD_RUNPATH_SEARCH_PATHS = (
					"$(inherited)",
					"@executable_path/Frameworks",
				);
				PRODUCT_BUNDLE_IDENTIFIER = com.bozzy.breakapp;
				PRODUCT_NAME = "$(TARGET_NAME)";
				SWIFT_VERSION = 5.0;
				TARGETED_DEVICE_FAMILY = "1,2";
			};
			name = Debug;
		};
		F3FD3CF623FA1C15000E13E1 /* Release */ = {
			isa = XCBuildConfiguration;
			buildSettings = {
				ASSETCATALOG_COMPILER_APPICON_NAME = AppIcon;
				CODE_SIGN_STYLE = Automatic;
				DEVELOPMENT_ASSET_PATHS = "\"breakapp/Preview Content\"";
				DEVELOPMENT_TEAM = A6N8P4N2HZ;
				ENABLE_PREVIEWS = YES;
				INFOPLIST_FILE = breakapp/Info.plist;
				LD_RUNPATH_SEARCH_PATHS = (
					"$(inherited)",
					"@executable_path/Frameworks",
				);
				PRODUCT_BUNDLE_IDENTIFIER = com.bozzy.breakapp;
				PRODUCT_NAME = "$(TARGET_NAME)";
				SWIFT_VERSION = 5.0;
				TARGETED_DEVICE_FAMILY = "1,2";
			};
			name = Release;
		};
		F3FD3CF823FA1C15000E13E1 /* Debug */ = {
			isa = XCBuildConfiguration;
			buildSettings = {
				ALWAYS_EMBED_SWIFT_STANDARD_LIBRARIES = YES;
				BUNDLE_LOADER = "$(TEST_HOST)";
				CODE_SIGN_STYLE = Automatic;
				DEVELOPMENT_TEAM = A6N8P4N2HZ;
				INFOPLIST_FILE = breakappTests/Info.plist;
				IPHONEOS_DEPLOYMENT_TARGET = 13.2;
				LD_RUNPATH_SEARCH_PATHS = (
					"$(inherited)",
					"@executable_path/Frameworks",
					"@loader_path/Frameworks",
				);
				PRODUCT_BUNDLE_IDENTIFIER = com.bozzy.breakappTests;
				PRODUCT_NAME = "$(TARGET_NAME)";
				SWIFT_VERSION = 5.0;
				TARGETED_DEVICE_FAMILY = "1,2";
				TEST_HOST = "$(BUILT_PRODUCTS_DIR)/breakapp.app/breakapp";
			};
			name = Debug;
		};
		F3FD3CF923FA1C15000E13E1 /* Release */ = {
			isa = XCBuildConfiguration;
			buildSettings = {
				ALWAYS_EMBED_SWIFT_STANDARD_LIBRARIES = YES;
				BUNDLE_LOADER = "$(TEST_HOST)";
				CODE_SIGN_STYLE = Automatic;
				DEVELOPMENT_TEAM = A6N8P4N2HZ;
				INFOPLIST_FILE = breakappTests/Info.plist;
				IPHONEOS_DEPLOYMENT_TARGET = 13.2;
				LD_RUNPATH_SEARCH_PATHS = (
					"$(inherited)",
					"@executable_path/Frameworks",
					"@loader_path/Frameworks",
				);
				PRODUCT_BUNDLE_IDENTIFIER = com.bozzy.breakappTests;
				PRODUCT_NAME = "$(TARGET_NAME)";
				SWIFT_VERSION = 5.0;
				TARGETED_DEVICE_FAMILY = "1,2";
				TEST_HOST = "$(BUILT_PRODUCTS_DIR)/breakapp.app/breakapp";
			};
			name = Release;
		};
		F3FD3CFB23FA1C15000E13E1 /* Debug */ = {
			isa = XCBuildConfiguration;
			buildSettings = {
				ALWAYS_EMBED_SWIFT_STANDARD_LIBRARIES = YES;
				CODE_SIGN_STYLE = Automatic;
				DEVELOPMENT_TEAM = A6N8P4N2HZ;
				INFOPLIST_FILE = breakappUITests/Info.plist;
				LD_RUNPATH_SEARCH_PATHS = (
					"$(inherited)",
					"@executable_path/Frameworks",
					"@loader_path/Frameworks",
				);
				PRODUCT_BUNDLE_IDENTIFIER = com.bozzy.breakappUITests;
				PRODUCT_NAME = "$(TARGET_NAME)";
				SWIFT_VERSION = 5.0;
				TARGETED_DEVICE_FAMILY = "1,2";
				TEST_TARGET_NAME = breakapp;
			};
			name = Debug;
		};
		F3FD3CFC23FA1C15000E13E1 /* Release */ = {
			isa = XCBuildConfiguration;
			buildSettings = {
				ALWAYS_EMBED_SWIFT_STANDARD_LIBRARIES = YES;
				CODE_SIGN_STYLE = Automatic;
				DEVELOPMENT_TEAM = A6N8P4N2HZ;
				INFOPLIST_FILE = breakappUITests/Info.plist;
				LD_RUNPATH_SEARCH_PATHS = (
					"$(inherited)",
					"@executable_path/Frameworks",
					"@loader_path/Frameworks",
				);
				PRODUCT_BUNDLE_IDENTIFIER = com.bozzy.breakappUITests;
				PRODUCT_NAME = "$(TARGET_NAME)";
				SWIFT_VERSION = 5.0;
				TARGETED_DEVICE_FAMILY = "1,2";
				TEST_TARGET_NAME = breakapp;
			};
			name = Release;
		};
/* End XCBuildConfiguration section */

/* Begin XCConfigurationList section */
		F3FD3C9423FA1C12000E13E1 /* Build configuration list for PBXProject "breakapp" */ = {
			isa = XCConfigurationList;
			buildConfigurations = (
				F3FD3CEA23FA1C15000E13E1 /* Debug */,
				F3FD3CEB23FA1C15000E13E1 /* Release */,
			);
			defaultConfigurationIsVisible = 0;
			defaultConfigurationName = Release;
		};
		F3FD3CEC23FA1C15000E13E1 /* Build configuration list for PBXNativeTarget "breakapp WatchKit Extension" */ = {
			isa = XCConfigurationList;
			buildConfigurations = (
				F3FD3CED23FA1C15000E13E1 /* Debug */,
				F3FD3CEE23FA1C15000E13E1 /* Release */,
			);
			defaultConfigurationIsVisible = 0;
			defaultConfigurationName = Release;
		};
		F3FD3CF023FA1C15000E13E1 /* Build configuration list for PBXNativeTarget "breakapp WatchKit App" */ = {
			isa = XCConfigurationList;
			buildConfigurations = (
				F3FD3CF123FA1C15000E13E1 /* Debug */,
				F3FD3CF223FA1C15000E13E1 /* Release */,
			);
			defaultConfigurationIsVisible = 0;
			defaultConfigurationName = Release;
		};
		F3FD3CF423FA1C15000E13E1 /* Build configuration list for PBXNativeTarget "breakapp" */ = {
			isa = XCConfigurationList;
			buildConfigurations = (
				F3FD3CF523FA1C15000E13E1 /* Debug */,
				F3FD3CF623FA1C15000E13E1 /* Release */,
			);
			defaultConfigurationIsVisible = 0;
			defaultConfigurationName = Release;
		};
		F3FD3CF723FA1C15000E13E1 /* Build configuration list for PBXNativeTarget "breakappTests" */ = {
			isa = XCConfigurationList;
			buildConfigurations = (
				F3FD3CF823FA1C15000E13E1 /* Debug */,
				F3FD3CF923FA1C15000E13E1 /* Release */,
			);
			defaultConfigurationIsVisible = 0;
			defaultConfigurationName = Release;
		};
		F3FD3CFA23FA1C15000E13E1 /* Build configuration list for PBXNativeTarget "breakappUITests" */ = {
			isa = XCConfigurationList;
			buildConfigurations = (
				F3FD3CFB23FA1C15000E13E1 /* Debug */,
				F3FD3CFC23FA1C15000E13E1 /* Release */,
			);
			defaultConfigurationIsVisible = 0;
			defaultConfigurationName = Release;
		};
/* End XCConfigurationList section */

/* Begin XCVersionGroup section */
		F3E2EBB92406285B00D6E22B /* breakapp.xcdatamodeld */ = {
			isa = XCVersionGroup;
			children = (
				F3E2EBBA2406285B00D6E22B /* breakapp.xcdatamodel */,
			);
			currentVersion = F3E2EBBA2406285B00D6E22B /* breakapp.xcdatamodel */;
			path = breakapp.xcdatamodeld;
			sourceTree = "<group>";
			versionGroupType = wrapper.xcdatamodel;
		};
/* End XCVersionGroup section */
	};
	rootObject = F3FD3C9123FA1C12000E13E1 /* Project object */;
}
